
Microsoft Visual Studio Solution File, Format Version 12.00
Project("{FAE04EC0-301F-11D3-BF4B-00C04F79EFBC}") = "Heroes", "Heroes\Heroes.csproj", "{2AFD5BA3-53B4-426D-B03D-6BDA30DBC044}"
EndProject
Project("{2150E333-8FDC-42A3-9474-1A3956D46DE8}") = "_SolutionFiles", "_SolutionFiles", "{C4C6EC09-AF7D-4785-9EBF-B8A4736616C4}"
	ProjectSection(SolutionItems) = preProject
		..\.gitignore = ..\.gitignore
	EndProjectSection
EndProject
Global
	GlobalSection(SolutionConfigurationPlatforms) = preSolution
		Debug|Any CPU = Debug|Any CPU
		Release|Any CPU = Release|Any CPU
	EndGlobalSection
	GlobalSection(ProjectConfigurationPlatforms) = postSolution
		{2AFD5BA3-53B4-426D-B03D-6BDA30DBC044}.Debug|Any CPU.ActiveCfg = Debug|Any CPU
		{2AFD5BA3-53B4-426D-B03D-6BDA30DBC044}.Debug|Any CPU.Build.0 = Debug|Any CPU
		{2AFD5BA3-53B4-426D-B03D-6BDA30DBC044}.Release|Any CPU.ActiveCfg = Release|Any CPU
		{2AFD5BA3-53B4-426D-B03D-6BDA30DBC044}.Release|Any CPU.Build.0 = Release|Any CPU
	EndGlobalSection
EndGlobal
